PODS:
  - Alamofire (4.8.2)
  - Moya (13.0.1):
    - Moya/Core (= 13.0.1)
  - Moya/Core (13.0.1):
    - Alamofire (~> 4.1)
    - Result (~> 4.1)
  - ReachabilitySwift (4.3.1)
  - Result (4.1.0)

DEPENDENCIES:
  - Moya
  - ReachabilitySwift

SPEC REPOS:
  https://github.com/cocoapods/specs.git:
    - Alamofire
    - Moya
    - ReachabilitySwift
    - Result

SPEC CHECKSUMS:
  Alamofire: ae5c501addb7afdbb13687d7f2f722c78734c2d3
  Moya: f4a4b80ff2f8a4ffc208dfb31cd91636622fee6e
  ReachabilitySwift: 4032e2f59586e11e3b0ebe15b167abdd587a388b
  Result: bd966fac789cc6c1563440b348ab2598cc24d5c7

PODFILE CHECKSUM: 0f5b4fc65d82ac51641faa5238c778244f70fbe2

COCOAPODS: 1.7.4
